
Microsoft Visual Studio Solution File, Format Version 12.00
# Visual Studio 15
VisualStudioVersion = 15.0.27004.2005
MinimumVisualStudioVersion = 10.0.40219.1
Project("{FAE04EC0-301F-11D3-BF4B-00C04F79EFBC}") = "Task 1", "Task 1\Task 1.csproj", "{588EB296-BB42-4CF3-8D2C-CA30150E09E3}"
EndProject
Project("{FAE04EC0-301F-11D3-BF4B-00C04F79EFBC}") = "Task 2", "Task 2\Task 2.csproj", "{5F04BA45-0CBB-4A0B-979B-4CA27D58651B}"
EndProject
Global
	GlobalSection(SolutionConfigurationPlatforms) = preSolution
		Debug|Any CPU = Debug|Any CPU
		Release|Any CPU = Release|Any CPU
	EndGlobalSection
	GlobalSection(ProjectConfigurationPlatforms) = postSolution
		{588EB296-BB42-4CF3-8D2C-CA30150E09E3}.Debug|Any CPU.ActiveCfg = Debug|Any CPU
		{588EB296-BB42-4CF3-8D2C-CA30150E09E3}.Debug|Any CPU.Build.0 = Debug|Any CPU
		{588EB296-BB42-4CF3-8D2C-CA30150E09E3}.Release|Any CPU.ActiveCfg = Release|Any CPU
		{588EB296-BB42-4CF3-8D2C-CA30150E09E3}.Release|Any CPU.Build.0 = Release|Any CPU
		{5F04BA45-0CBB-4A0B-979B-4CA27D58651B}.Debug|Any CPU.ActiveCfg = Debug|Any CPU
		{5F04BA45-0CBB-4A0B-979B-4CA27D58651B}.Debug|Any CPU.Build.0 = Debug|Any CPU
		{5F04BA45-0CBB-4A0B-979B-4CA27D58651B}.Release|Any CPU.ActiveCfg = Release|Any CPU
		{5F04BA45-0CBB-4A0B-979B-4CA27D58651B}.Release|Any CPU.Build.0 = Release|Any CPU
	EndGlobalSection
	GlobalSection(SolutionProperties) = preSolution
		HideSolutionNode = FALSE
	EndGlobalSection
	GlobalSection(ExtensibilityGlobals) = postSolution
		SolutionGuid = {B4E944A5-7AFD-4F04-AC00-72710B293EB2}
	EndGlobalSection
EndGlobal
