
Microsoft Visual Studio Solution File, Format Version 12.00
# Visual Studio 15
VisualStudioVersion = 15.0.26730.15
MinimumVisualStudioVersion = 10.0.40219.1
Project("{FAE04EC0-301F-11D3-BF4B-00C04F79EFBC}") = "Task 1", "Task 1\Task 1.csproj", "{BF52CE3E-8848-427F-B369-2CEADCF6B068}"
EndProject
Project("{FAE04EC0-301F-11D3-BF4B-00C04F79EFBC}") = "Task 2", "Task 2\Task 2.csproj", "{5171384D-BEC5-466A-B77A-93522E221AF1}"
EndProject
Project("{FAE04EC0-301F-11D3-BF4B-00C04F79EFBC}") = "Task 3", "Task 3\Task 3.csproj", "{90BB9714-A4E9-406D-859D-E5FC988BCB24}"
EndProject
Project("{FAE04EC0-301F-11D3-BF4B-00C04F79EFBC}") = "Task 4", "Task 4\Task 4.csproj", "{B8D32723-2311-4D2C-8D06-0E59E477CF4F}"
EndProject
Global
	GlobalSection(SolutionConfigurationPlatforms) = preSolution
		Debug|Any CPU = Debug|Any CPU
		Release|Any CPU = Release|Any CPU
	EndGlobalSection
	GlobalSection(ProjectConfigurationPlatforms) = postSolution
		{BF52CE3E-8848-427F-B369-2CEADCF6B068}.Debug|Any CPU.ActiveCfg = Debug|Any CPU
		{BF52CE3E-8848-427F-B369-2CEADCF6B068}.Debug|Any CPU.Build.0 = Debug|Any CPU
		{BF52CE3E-8848-427F-B369-2CEADCF6B068}.Release|Any CPU.ActiveCfg = Release|Any CPU
		{BF52CE3E-8848-427F-B369-2CEADCF6B068}.Release|Any CPU.Build.0 = Release|Any CPU
		{5171384D-BEC5-466A-B77A-93522E221AF1}.Debug|Any CPU.ActiveCfg = Debug|Any CPU
		{5171384D-BEC5-466A-B77A-93522E221AF1}.Debug|Any CPU.Build.0 = Debug|Any CPU
		{5171384D-BEC5-466A-B77A-93522E221AF1}.Release|Any CPU.ActiveCfg = Release|Any CPU
		{5171384D-BEC5-466A-B77A-93522E221AF1}.Release|Any CPU.Build.0 = Release|Any CPU
		{90BB9714-A4E9-406D-859D-E5FC988BCB24}.Debug|Any CPU.ActiveCfg = Debug|Any CPU
		{90BB9714-A4E9-406D-859D-E5FC988BCB24}.Debug|Any CPU.Build.0 = Debug|Any CPU
		{90BB9714-A4E9-406D-859D-E5FC988BCB24}.Release|Any CPU.ActiveCfg = Release|Any CPU
		{90BB9714-A4E9-406D-859D-E5FC988BCB24}.Release|Any CPU.Build.0 = Release|Any CPU
		{B8D32723-2311-4D2C-8D06-0E59E477CF4F}.Debug|Any CPU.ActiveCfg = Debug|Any CPU
		{B8D32723-2311-4D2C-8D06-0E59E477CF4F}.Debug|Any CPU.Build.0 = Debug|Any CPU
		{B8D32723-2311-4D2C-8D06-0E59E477CF4F}.Release|Any CPU.ActiveCfg = Release|Any CPU
		{B8D32723-2311-4D2C-8D06-0E59E477CF4F}.Release|Any CPU.Build.0 = Release|Any CPU
	EndGlobalSection
	GlobalSection(SolutionProperties) = preSolution
		HideSolutionNode = FALSE
	EndGlobalSection
	GlobalSection(ExtensibilityGlobals) = postSolution
		SolutionGuid = {D0337AC5-0B44-4D95-9C86-4E01C4546F08}
	EndGlobalSection
EndGlobal
