
Microsoft Visual Studio Solution File, Format Version 12.00
# Visual Studio 15
VisualStudioVersion = 15.0.26730.16
MinimumVisualStudioVersion = 10.0.40219.1
Project("{FAE04EC0-301F-11D3-BF4B-00C04F79EFBC}") = "Task1", "Task1\Task1.csproj", "{C34624F5-5DC9-4E80-BE1F-108B2B8D39DA}"
EndProject
Project("{FAE04EC0-301F-11D3-BF4B-00C04F79EFBC}") = "Task2", "Task2\Task2.csproj", "{4225BAD6-57AA-449B-BC7D-8FC78D83CA3F}"
EndProject
Project("{FAE04EC0-301F-11D3-BF4B-00C04F79EFBC}") = "Task3", "Task3\Task3.csproj", "{4CF9A674-11E2-445C-9EC4-F4D72048F43A}"
EndProject
Project("{FAE04EC0-301F-11D3-BF4B-00C04F79EFBC}") = "Task4", "Task4\Task4.csproj", "{BC464A37-1E40-4CBC-BDC8-B3A21E7C5841}"
EndProject
Global
	GlobalSection(SolutionConfigurationPlatforms) = preSolution
		Debug|Any CPU = Debug|Any CPU
		Release|Any CPU = Release|Any CPU
	EndGlobalSection
	GlobalSection(ProjectConfigurationPlatforms) = postSolution
		{C34624F5-5DC9-4E80-BE1F-108B2B8D39DA}.Debug|Any CPU.ActiveCfg = Debug|Any CPU
		{C34624F5-5DC9-4E80-BE1F-108B2B8D39DA}.Debug|Any CPU.Build.0 = Debug|Any CPU
		{C34624F5-5DC9-4E80-BE1F-108B2B8D39DA}.Release|Any CPU.ActiveCfg = Release|Any CPU
		{C34624F5-5DC9-4E80-BE1F-108B2B8D39DA}.Release|Any CPU.Build.0 = Release|Any CPU
		{4225BAD6-57AA-449B-BC7D-8FC78D83CA3F}.Debug|Any CPU.ActiveCfg = Debug|Any CPU
		{4225BAD6-57AA-449B-BC7D-8FC78D83CA3F}.Debug|Any CPU.Build.0 = Debug|Any CPU
		{4225BAD6-57AA-449B-BC7D-8FC78D83CA3F}.Release|Any CPU.ActiveCfg = Release|Any CPU
		{4225BAD6-57AA-449B-BC7D-8FC78D83CA3F}.Release|Any CPU.Build.0 = Release|Any CPU
		{4CF9A674-11E2-445C-9EC4-F4D72048F43A}.Debug|Any CPU.ActiveCfg = Debug|Any CPU
		{4CF9A674-11E2-445C-9EC4-F4D72048F43A}.Debug|Any CPU.Build.0 = Debug|Any CPU
		{4CF9A674-11E2-445C-9EC4-F4D72048F43A}.Release|Any CPU.ActiveCfg = Release|Any CPU
		{4CF9A674-11E2-445C-9EC4-F4D72048F43A}.Release|Any CPU.Build.0 = Release|Any CPU
		{BC464A37-1E40-4CBC-BDC8-B3A21E7C5841}.Debug|Any CPU.ActiveCfg = Debug|Any CPU
		{BC464A37-1E40-4CBC-BDC8-B3A21E7C5841}.Debug|Any CPU.Build.0 = Debug|Any CPU
		{BC464A37-1E40-4CBC-BDC8-B3A21E7C5841}.Release|Any CPU.ActiveCfg = Release|Any CPU
		{BC464A37-1E40-4CBC-BDC8-B3A21E7C5841}.Release|Any CPU.Build.0 = Release|Any CPU
	EndGlobalSection
	GlobalSection(SolutionProperties) = preSolution
		HideSolutionNode = FALSE
	EndGlobalSection
	GlobalSection(ExtensibilityGlobals) = postSolution
		SolutionGuid = {C09B9A49-3C01-47A5-9F82-2359219EFF8F}
	EndGlobalSection
EndGlobal
