
Microsoft Visual Studio Solution File, Format Version 12.00
# Visual Studio 15
VisualStudioVersion = 15.0.27004.2005
MinimumVisualStudioVersion = 10.0.40219.1
Project("{FAE04EC0-301F-11D3-BF4B-00C04F79EFBC}") = "Task 1", "Task 1\Task 1.csproj", "{FC7B3E69-1199-4D7E-A414-F68EDFCBB084}"
EndProject
Project("{FAE04EC0-301F-11D3-BF4B-00C04F79EFBC}") = "Task 2", "Task 2\Task 2.csproj", "{08FF0B69-CCC7-4CBC-8EC3-22DF21E5E628}"
EndProject
Global
	GlobalSection(SolutionConfigurationPlatforms) = preSolution
		Debug|Any CPU = Debug|Any CPU
		Release|Any CPU = Release|Any CPU
	EndGlobalSection
	GlobalSection(ProjectConfigurationPlatforms) = postSolution
		{FC7B3E69-1199-4D7E-A414-F68EDFCBB084}.Debug|Any CPU.ActiveCfg = Debug|Any CPU
		{FC7B3E69-1199-4D7E-A414-F68EDFCBB084}.Debug|Any CPU.Build.0 = Debug|Any CPU
		{FC7B3E69-1199-4D7E-A414-F68EDFCBB084}.Release|Any CPU.ActiveCfg = Release|Any CPU
		{FC7B3E69-1199-4D7E-A414-F68EDFCBB084}.Release|Any CPU.Build.0 = Release|Any CPU
		{08FF0B69-CCC7-4CBC-8EC3-22DF21E5E628}.Debug|Any CPU.ActiveCfg = Debug|Any CPU
		{08FF0B69-CCC7-4CBC-8EC3-22DF21E5E628}.Debug|Any CPU.Build.0 = Debug|Any CPU
		{08FF0B69-CCC7-4CBC-8EC3-22DF21E5E628}.Release|Any CPU.ActiveCfg = Release|Any CPU
		{08FF0B69-CCC7-4CBC-8EC3-22DF21E5E628}.Release|Any CPU.Build.0 = Release|Any CPU
	EndGlobalSection
	GlobalSection(SolutionProperties) = preSolution
		HideSolutionNode = FALSE
	EndGlobalSection
	GlobalSection(ExtensibilityGlobals) = postSolution
		SolutionGuid = {A918DB3F-60A9-43A6-86C9-3417BBD0257D}
	EndGlobalSection
EndGlobal
